
Microsoft Visual Studio Solution File, Format Version 12.00
Project("{FAE04EC0-301F-11D3-BF4B-00C04F79EFBC}") = "PvMS lab1", "PvMS lab1\PvMS lab1.csproj", "{71A8685A-6E1F-4270-83B8-3435E8B42DEF}"
EndProject
Project("{FAE04EC0-301F-11D3-BF4B-00C04F79EFBC}") = "Server", "Server\Server.csproj", "{6DEE8A24-4660-4520-8031-155B35BC46BF}"
EndProject
Global
	GlobalSection(SolutionConfigurationPlatforms) = preSolution
		Debug|Any CPU = Debug|Any CPU
		Release|Any CPU = Release|Any CPU
	EndGlobalSection
	GlobalSection(ProjectConfigurationPlatforms) = postSolution
		{71A8685A-6E1F-4270-83B8-3435E8B42DEF}.Debug|Any CPU.ActiveCfg = Debug|Any CPU
		{71A8685A-6E1F-4270-83B8-3435E8B42DEF}.Debug|Any CPU.Build.0 = Debug|Any CPU
		{71A8685A-6E1F-4270-83B8-3435E8B42DEF}.Release|Any CPU.ActiveCfg = Release|Any CPU
		{71A8685A-6E1F-4270-83B8-3435E8B42DEF}.Release|Any CPU.Build.0 = Release|Any CPU
		{6DEE8A24-4660-4520-8031-155B35BC46BF}.Debug|Any CPU.ActiveCfg = Debug|Any CPU
		{6DEE8A24-4660-4520-8031-155B35BC46BF}.Debug|Any CPU.Build.0 = Debug|Any CPU
		{6DEE8A24-4660-4520-8031-155B35BC46BF}.Release|Any CPU.ActiveCfg = Release|Any CPU
		{6DEE8A24-4660-4520-8031-155B35BC46BF}.Release|Any CPU.Build.0 = Release|Any CPU
	EndGlobalSection
EndGlobal
